
Microsoft Visual Studio Solution File, Format Version 12.00
# Visual Studio 15
VisualStudioVersion = 15.0.28307.757
MinimumVisualStudioVersion = 10.0.40219.1
Project("{FAE04EC0-301F-11D3-BF4B-00C04F79EFBC}") = "GraphsXF", "GraphsXF\GraphsXF\GraphsXF.csproj", "{D6FB8BA0-C566-4543-8A8D-394E6AC45066}"
EndProject
Project("{FAE04EC0-301F-11D3-BF4B-00C04F79EFBC}") = "GraphsXF.Core", "GraphsXF\GraphsXF.Core\GraphsXF.Core.csproj", "{C3CB24F5-8D43-4492-8729-ED1DC797A702}"
EndProject
Project("{FAE04EC0-301F-11D3-BF4B-00C04F79EFBC}") = "GraphsXF.Android", "GraphsXF\GraphsXF.Android\GraphsXF.Android.csproj", "{B07A3617-6F12-484D-B8B5-C503D59605CD}"
EndProject
Project("{FAE04EC0-301F-11D3-BF4B-00C04F79EFBC}") = "GraphsXF.iOS", "GraphsXF\GraphsXF.iOS\GraphsXF.iOS.csproj", "{89413489-61CC-405F-B30F-3E603FCC9B12}"
EndProject
Project("{FAE04EC0-301F-11D3-BF4B-00C04F79EFBC}") = "GraphsXF.UWP", "GraphsXF\GraphsXF.UWP\GraphsXF.UWP.csproj", "{6B6A3E7C-C606-4BF0-B1BA-6B1320884AE8}"
EndProject
Global
	GlobalSection(SolutionConfigurationPlatforms) = preSolution
		Ad-Hoc|Any CPU = Ad-Hoc|Any CPU
		Ad-Hoc|ARM = Ad-Hoc|ARM
		Ad-Hoc|ARM64 = Ad-Hoc|ARM64
		Ad-Hoc|iPhone = Ad-Hoc|iPhone
		Ad-Hoc|iPhoneSimulator = Ad-Hoc|iPhoneSimulator
		Ad-Hoc|x64 = Ad-Hoc|x64
		Ad-Hoc|x86 = Ad-Hoc|x86
		AppStore|Any CPU = AppStore|Any CPU
		AppStore|ARM = AppStore|ARM
		AppStore|ARM64 = AppStore|ARM64
		AppStore|iPhone = AppStore|iPhone
		AppStore|iPhoneSimulator = AppStore|iPhoneSimulator
		AppStore|x64 = AppStore|x64
		AppStore|x86 = AppStore|x86
		Debug|Any CPU = Debug|Any CPU
		Debug|ARM = Debug|ARM
		Debug|ARM64 = Debug|ARM64
		Debug|iPhone = Debug|iPhone
		Debug|iPhoneSimulator = Debug|iPhoneSimulator
		Debug|x64 = Debug|x64
		Debug|x86 = Debug|x86
		Release|Any CPU = Release|Any CPU
		Release|ARM = Release|ARM
		Release|ARM64 = Release|ARM64
		Release|iPhone = Release|iPhone
		Release|iPhoneSimulator = Release|iPhoneSimulator
		Release|x64 = Release|x64
		Release|x86 = Release|x86
	EndGlobalSection
	GlobalSection(ProjectConfigurationPlatforms) = postSolution
		{D6FB8BA0-C566-4543-8A8D-394E6AC45066}.Ad-Hoc|Any CPU.ActiveCfg = Debug|Any CPU
		{D6FB8BA0-C566-4543-8A8D-394E6AC45066}.Ad-Hoc|Any CPU.Build.0 = Debug|Any CPU
		{D6FB8BA0-C566-4543-8A8D-394E6AC45066}.Ad-Hoc|ARM.ActiveCfg = Debug|Any CPU
		{D6FB8BA0-C566-4543-8A8D-394E6AC45066}.Ad-Hoc|ARM.Build.0 = Debug|Any CPU
		{D6FB8BA0-C566-4543-8A8D-394E6AC45066}.Ad-Hoc|ARM64.ActiveCfg = Debug|Any CPU
		{D6FB8BA0-C566-4543-8A8D-394E6AC45066}.Ad-Hoc|ARM64.Build.0 = Debug|Any CPU
		{D6FB8BA0-C566-4543-8A8D-394E6AC45066}.Ad-Hoc|iPhone.ActiveCfg = Debug|Any CPU
		{D6FB8BA0-C566-4543-8A8D-394E6AC45066}.Ad-Hoc|iPhone.Build.0 = Debug|Any CPU
		{D6FB8BA0-C566-4543-8A8D-394E6AC45066}.Ad-Hoc|iPhoneSimulator.ActiveCfg = Debug|Any CPU
		{D6FB8BA0-C566-4543-8A8D-394E6AC45066}.Ad-Hoc|iPhoneSimulator.Build.0 = Debug|Any CPU
		{D6FB8BA0-C566-4543-8A8D-394E6AC45066}.Ad-Hoc|x64.ActiveCfg = Debug|Any CPU
		{D6FB8BA0-C566-4543-8A8D-394E6AC45066}.Ad-Hoc|x64.Build.0 = Debug|Any CPU
		{D6FB8BA0-C566-4543-8A8D-394E6AC45066}.Ad-Hoc|x86.ActiveCfg = Debug|Any CPU
		{D6FB8BA0-C566-4543-8A8D-394E6AC45066}.Ad-Hoc|x86.Build.0 = Debug|Any CPU
		{D6FB8BA0-C566-4543-8A8D-394E6AC45066}.AppStore|Any CPU.ActiveCfg = Debug|Any CPU
		{D6FB8BA0-C566-4543-8A8D-394E6AC45066}.AppStore|Any CPU.Build.0 = Debug|Any CPU
		{D6FB8BA0-C566-4543-8A8D-394E6AC45066}.AppStore|ARM.ActiveCfg = Debug|Any CPU
		{D6FB8BA0-C566-4543-8A8D-394E6AC45066}.AppStore|ARM.Build.0 = Debug|Any CPU
		{D6FB8BA0-C566-4543-8A8D-394E6AC45066}.AppStore|ARM64.ActiveCfg = Debug|Any CPU
		{D6FB8BA0-C566-4543-8A8D-394E6AC45066}.AppStore|ARM64.Build.0 = Debug|Any CPU
		{D6FB8BA0-C566-4543-8A8D-394E6AC45066}.AppStore|iPhone.ActiveCfg = Debug|Any CPU
		{D6FB8BA0-C566-4543-8A8D-394E6AC45066}.AppStore|iPhone.Build.0 = Debug|Any CPU
		{D6FB8BA0-C566-4543-8A8D-394E6AC45066}.AppStore|iPhoneSimulator.ActiveCfg = Debug|Any CPU
		{D6FB8BA0-C566-4543-8A8D-394E6AC45066}.AppStore|iPhoneSimulator.Build.0 = Debug|Any CPU
		{D6FB8BA0-C566-4543-8A8D-394E6AC45066}.AppStore|x64.ActiveCfg = Debug|Any CPU
		{D6FB8BA0-C566-4543-8A8D-394E6AC45066}.AppStore|x64.Build.0 = Debug|Any CPU
		{D6FB8BA0-C566-4543-8A8D-394E6AC45066}.AppStore|x86.ActiveCfg = Debug|Any CPU
		{D6FB8BA0-C566-4543-8A8D-394E6AC45066}.AppStore|x86.Build.0 = Debug|Any CPU
		{D6FB8BA0-C566-4543-8A8D-394E6AC45066}.Debug|Any CPU.ActiveCfg = Debug|Any CPU
		{D6FB8BA0-C566-4543-8A8D-394E6AC45066}.Debug|Any CPU.Build.0 = Debug|Any CPU
		{D6FB8BA0-C566-4543-8A8D-394E6AC45066}.Debug|ARM.ActiveCfg = Debug|Any CPU
		{D6FB8BA0-C566-4543-8A8D-394E6AC45066}.Debug|ARM.Build.0 = Debug|Any CPU
		{D6FB8BA0-C566-4543-8A8D-394E6AC45066}.Debug|ARM64.ActiveCfg = Debug|Any CPU
		{D6FB8BA0-C566-4543-8A8D-394E6AC45066}.Debug|ARM64.Build.0 = Debug|Any CPU
		{D6FB8BA0-C566-4543-8A8D-394E6AC45066}.Debug|iPhone.ActiveCfg = Debug|Any CPU
		{D6FB8BA0-C566-4543-8A8D-394E6AC45066}.Debug|iPhone.Build.0 = Debug|Any CPU
		{D6FB8BA0-C566-4543-8A8D-394E6AC45066}.Debug|iPhoneSimulator.ActiveCfg = Debug|Any CPU
		{D6FB8BA0-C566-4543-8A8D-394E6AC45066}.Debug|iPhoneSimulator.Build.0 = Debug|Any CPU
		{D6FB8BA0-C566-4543-8A8D-394E6AC45066}.Debug|x64.ActiveCfg = Debug|Any CPU
		{D6FB8BA0-C566-4543-8A8D-394E6AC45066}.Debug|x64.Build.0 = Debug|Any CPU
		{D6FB8BA0-C566-4543-8A8D-394E6AC45066}.Debug|x86.ActiveCfg = Debug|Any CPU
		{D6FB8BA0-C566-4543-8A8D-394E6AC45066}.Debug|x86.Build.0 = Debug|Any CPU
		{D6FB8BA0-C566-4543-8A8D-394E6AC45066}.Release|Any CPU.ActiveCfg = Release|Any CPU
		{D6FB8BA0-C566-4543-8A8D-394E6AC45066}.Release|Any CPU.Build.0 = Release|Any CPU
		{D6FB8BA0-C566-4543-8A8D-394E6AC45066}.Release|ARM.ActiveCfg = Release|Any CPU
		{D6FB8BA0-C566-4543-8A8D-394E6AC45066}.Release|ARM.Build.0 = Release|Any CPU
		{D6FB8BA0-C566-4543-8A8D-394E6AC45066}.Release|ARM64.ActiveCfg = Release|Any CPU
		{D6FB8BA0-C566-4543-8A8D-394E6AC45066}.Release|ARM64.Build.0 = Release|Any CPU
		{D6FB8BA0-C566-4543-8A8D-394E6AC45066}.Release|iPhone.ActiveCfg = Release|Any CPU
		{D6FB8BA0-C566-4543-8A8D-394E6AC45066}.Release|iPhone.Build.0 = Release|Any CPU
		{D6FB8BA0-C566-4543-8A8D-394E6AC45066}.Release|iPhoneSimulator.ActiveCfg = Release|Any CPU
		{D6FB8BA0-C566-4543-8A8D-394E6AC45066}.Release|iPhoneSimulator.Build.0 = Release|Any CPU
		{D6FB8BA0-C566-4543-8A8D-394E6AC45066}.Release|x64.ActiveCfg = Release|Any CPU
		{D6FB8BA0-C566-4543-8A8D-394E6AC45066}.Release|x64.Build.0 = Release|Any CPU
		{D6FB8BA0-C566-4543-8A8D-394E6AC45066}.Release|x86.ActiveCfg = Release|Any CPU
		{D6FB8BA0-C566-4543-8A8D-394E6AC45066}.Release|x86.Build.0 = Release|Any CPU
		{C3CB24F5-8D43-4492-8729-ED1DC797A702}.Ad-Hoc|Any CPU.ActiveCfg = Debug|Any CPU
		{C3CB24F5-8D43-4492-8729-ED1DC797A702}.Ad-Hoc|Any CPU.Build.0 = Debug|Any CPU
		{C3CB24F5-8D43-4492-8729-ED1DC797A702}.Ad-Hoc|ARM.ActiveCfg = Debug|Any CPU
		{C3CB24F5-8D43-4492-8729-ED1DC797A702}.Ad-Hoc|ARM.Build.0 = Debug|Any CPU
		{C3CB24F5-8D43-4492-8729-ED1DC797A702}.Ad-Hoc|ARM64.ActiveCfg = Debug|Any CPU
		{C3CB24F5-8D43-4492-8729-ED1DC797A702}.Ad-Hoc|ARM64.Build.0 = Debug|Any CPU
		{C3CB24F5-8D43-4492-8729-ED1DC797A702}.Ad-Hoc|iPhone.ActiveCfg = Debug|Any CPU
		{C3CB24F5-8D43-4492-8729-ED1DC797A702}.Ad-Hoc|iPhone.Build.0 = Debug|Any CPU
		{C3CB24F5-8D43-4492-8729-ED1DC797A702}.Ad-Hoc|iPhoneSimulator.ActiveCfg = Debug|Any CPU
		{C3CB24F5-8D43-4492-8729-ED1DC797A702}.Ad-Hoc|iPhoneSimulator.Build.0 = Debug|Any CPU
		{C3CB24F5-8D43-4492-8729-ED1DC797A702}.Ad-Hoc|x64.ActiveCfg = Debug|Any CPU
		{C3CB24F5-8D43-4492-8729-ED1DC797A702}.Ad-Hoc|x64.Build.0 = Debug|Any CPU
		{C3CB24F5-8D43-4492-8729-ED1DC797A702}.Ad-Hoc|x86.ActiveCfg = Debug|Any CPU
		{C3CB24F5-8D43-4492-8729-ED1DC797A702}.Ad-Hoc|x86.Build.0 = Debug|Any CPU
		{C3CB24F5-8D43-4492-8729-ED1DC797A702}.AppStore|Any CPU.ActiveCfg = Debug|Any CPU
		{C3CB24F5-8D43-4492-8729-ED1DC797A702}.AppStore|Any CPU.Build.0 = Debug|Any CPU
		{C3CB24F5-8D43-4492-8729-ED1DC797A702}.AppStore|ARM.ActiveCfg = Debug|Any CPU
		{C3CB24F5-8D43-4492-8729-ED1DC797A702}.AppStore|ARM.Build.0 = Debug|Any CPU
		{C3CB24F5-8D43-4492-8729-ED1DC797A702}.AppStore|ARM64.ActiveCfg = Debug|Any CPU
		{C3CB24F5-8D43-4492-8729-ED1DC797A702}.AppStore|ARM64.Build.0 = Debug|Any CPU
		{C3CB24F5-8D43-4492-8729-ED1DC797A702}.AppStore|iPhone.ActiveCfg = Debug|Any CPU
		{C3CB24F5-8D43-4492-8729-ED1DC797A702}.AppStore|iPhone.Build.0 = Debug|Any CPU
		{C3CB24F5-8D43-4492-8729-ED1DC797A702}.AppStore|iPhoneSimulator.ActiveCfg = Debug|Any CPU
		{C3CB24F5-8D43-4492-8729-ED1DC797A702}.AppStore|iPhoneSimulator.Build.0 = Debug|Any CPU
		{C3CB24F5-8D43-4492-8729-ED1DC797A702}.AppStore|x64.ActiveCfg = Debug|Any CPU
		{C3CB24F5-8D43-4492-8729-ED1DC797A702}.AppStore|x64.Build.0 = Debug|Any CPU
		{C3CB24F5-8D43-4492-8729-ED1DC797A702}.AppStore|x86.ActiveCfg = Debug|Any CPU
		{C3CB24F5-8D43-4492-8729-ED1DC797A702}.AppStore|x86.Build.0 = Debug|Any CPU
		{C3CB24F5-8D43-4492-8729-ED1DC797A702}.Debug|Any CPU.ActiveCfg = Debug|Any CPU
		{C3CB24F5-8D43-4492-8729-ED1DC797A702}.Debug|Any CPU.Build.0 = Debug|Any CPU
		{C3CB24F5-8D43-4492-8729-ED1DC797A702}.Debug|ARM.ActiveCfg = Debug|Any CPU
		{C3CB24F5-8D43-4492-8729-ED1DC797A702}.Debug|ARM.Build.0 = Debug|Any CPU
		{C3CB24F5-8D43-4492-8729-ED1DC797A702}.Debug|ARM64.ActiveCfg = Debug|Any CPU
		{C3CB24F5-8D43-4492-8729-ED1DC797A702}.Debug|ARM64.Build.0 = Debug|Any CPU
		{C3CB24F5-8D43-4492-8729-ED1DC797A702}.Debug|iPhone.ActiveCfg = Debug|Any CPU
		{C3CB24F5-8D43-4492-8729-ED1DC797A702}.Debug|iPhone.Build.0 = Debug|Any CPU
		{C3CB24F5-8D43-4492-8729-ED1DC797A702}.Debug|iPhoneSimulator.ActiveCfg = Debug|Any CPU
		{C3CB24F5-8D43-4492-8729-ED1DC797A702}.Debug|iPhoneSimulator.Build.0 = Debug|Any CPU
		{C3CB24F5-8D43-4492-8729-ED1DC797A702}.Debug|x64.ActiveCfg = Debug|Any CPU
		{C3CB24F5-8D43-4492-8729-ED1DC797A702}.Debug|x64.Build.0 = Debug|Any CPU
		{C3CB24F5-8D43-4492-8729-ED1DC797A702}.Debug|x86.ActiveCfg = Debug|Any CPU
		{C3CB24F5-8D43-4492-8729-ED1DC797A702}.Debug|x86.Build.0 = Debug|Any CPU
		{C3CB24F5-8D43-4492-8729-ED1DC797A702}.Release|Any CPU.ActiveCfg = Release|Any CPU
		{C3CB24F5-8D43-4492-8729-ED1DC797A702}.Release|Any CPU.Build.0 = Release|Any CPU
		{C3CB24F5-8D43-4492-8729-ED1DC797A702}.Release|ARM.ActiveCfg = Release|Any CPU
		{C3CB24F5-8D43-4492-8729-ED1DC797A702}.Release|ARM.Build.0 = Release|Any CPU
		{C3CB24F5-8D43-4492-8729-ED1DC797A702}.Release|ARM64.ActiveCfg = Release|Any CPU
		{C3CB24F5-8D43-4492-8729-ED1DC797A702}.Release|ARM64.Build.0 = Release|Any CPU
		{C3CB24F5-8D43-4492-8729-ED1DC797A702}.Release|iPhone.ActiveCfg = Release|Any CPU
		{C3CB24F5-8D43-4492-8729-ED1DC797A702}.Release|iPhone.Build.0 = Release|Any CPU
		{C3CB24F5-8D43-4492-8729-ED1DC797A702}.Release|iPhoneSimulator.ActiveCfg = Release|Any CPU
		{C3CB24F5-8D43-4492-8729-ED1DC797A702}.Release|iPhoneSimulator.Build.0 = Release|Any CPU
		{C3CB24F5-8D43-4492-8729-ED1DC797A702}.Release|x64.ActiveCfg = Release|Any CPU
		{C3CB24F5-8D43-4492-8729-ED1DC797A702}.Release|x64.Build.0 = Release|Any CPU
		{C3CB24F5-8D43-4492-8729-ED1DC797A702}.Release|x86.ActiveCfg = Release|Any CPU
		{C3CB24F5-8D43-4492-8729-ED1DC797A702}.Release|x86.Build.0 = Release|Any CPU
		{B07A3617-6F12-484D-B8B5-C503D59605CD}.Ad-Hoc|Any CPU.ActiveCfg = Release|Any CPU
		{B07A3617-6F12-484D-B8B5-C503D59605CD}.Ad-Hoc|Any CPU.Build.0 = Release|Any CPU
		{B07A3617-6F12-484D-B8B5-C503D59605CD}.Ad-Hoc|Any CPU.Deploy.0 = Release|Any CPU
		{B07A3617-6F12-484D-B8B5-C503D59605CD}.Ad-Hoc|ARM.ActiveCfg = Release|Any CPU
		{B07A3617-6F12-484D-B8B5-C503D59605CD}.Ad-Hoc|ARM.Build.0 = Release|Any CPU
		{B07A3617-6F12-484D-B8B5-C503D59605CD}.Ad-Hoc|ARM.Deploy.0 = Release|Any CPU
		{B07A3617-6F12-484D-B8B5-C503D59605CD}.Ad-Hoc|ARM64.ActiveCfg = Release|Any CPU
		{B07A3617-6F12-484D-B8B5-C503D59605CD}.Ad-Hoc|ARM64.Build.0 = Release|Any CPU
		{B07A3617-6F12-484D-B8B5-C503D59605CD}.Ad-Hoc|ARM64.Deploy.0 = Release|Any CPU
		{B07A3617-6F12-484D-B8B5-C503D59605CD}.Ad-Hoc|iPhone.ActiveCfg = Release|Any CPU
		{B07A3617-6F12-484D-B8B5-C503D59605CD}.Ad-Hoc|iPhone.Build.0 = Release|Any CPU
		{B07A3617-6F12-484D-B8B5-C503D59605CD}.Ad-Hoc|iPhone.Deploy.0 = Release|Any CPU
		{B07A3617-6F12-484D-B8B5-C503D59605CD}.Ad-Hoc|iPhoneSimulator.ActiveCfg = Release|Any CPU
		{B07A3617-6F12-484D-B8B5-C503D59605CD}.Ad-Hoc|iPhoneSimulator.Build.0 = Release|Any CPU
		{B07A3617-6F12-484D-B8B5-C503D59605CD}.Ad-Hoc|iPhoneSimulator.Deploy.0 = Release|Any CPU
		{B07A3617-6F12-484D-B8B5-C503D59605CD}.Ad-Hoc|x64.ActiveCfg = Release|Any CPU
		{B07A3617-6F12-484D-B8B5-C503D59605CD}.Ad-Hoc|x64.Build.0 = Release|Any CPU
		{B07A3617-6F12-484D-B8B5-C503D59605CD}.Ad-Hoc|x64.Deploy.0 = Release|Any CPU
		{B07A3617-6F12-484D-B8B5-C503D59605CD}.Ad-Hoc|x86.ActiveCfg = Release|Any CPU
		{B07A3617-6F12-484D-B8B5-C503D59605CD}.Ad-Hoc|x86.Build.0 = Release|Any CPU
		{B07A3617-6F12-484D-B8B5-C503D59605CD}.Ad-Hoc|x86.Deploy.0 = Release|Any CPU
		{B07A3617-6F12-484D-B8B5-C503D59605CD}.AppStore|Any CPU.ActiveCfg = Release|Any CPU
		{B07A3617-6F12-484D-B8B5-C503D59605CD}.AppStore|Any CPU.Build.0 = Release|Any CPU
		{B07A3617-6F12-484D-B8B5-C503D59605CD}.AppStore|Any CPU.Deploy.0 = Release|Any CPU
		{B07A3617-6F12-484D-B8B5-C503D59605CD}.AppStore|ARM.ActiveCfg = Release|Any CPU
		{B07A3617-6F12-484D-B8B5-C503D59605CD}.AppStore|ARM.Build.0 = Release|Any CPU
		{B07A3617-6F12-484D-B8B5-C503D59605CD}.AppStore|ARM.Deploy.0 = Release|Any CPU
		{B07A3617-6F12-484D-B8B5-C503D59605CD}.AppStore|ARM64.ActiveCfg = Release|Any CPU
		{B07A3617-6F12-484D-B8B5-C503D59605CD}.AppStore|ARM64.Build.0 = Release|Any CPU
		{B07A3617-6F12-484D-B8B5-C503D59605CD}.AppStore|ARM64.Deploy.0 = Release|Any CPU
		{B07A3617-6F12-484D-B8B5-C503D59605CD}.AppStore|iPhone.ActiveCfg = Release|Any CPU
		{B07A3617-6F12-484D-B8B5-C503D59605CD}.AppStore|iPhone.Build.0 = Release|Any CPU
		{B07A3617-6F12-484D-B8B5-C503D59605CD}.AppStore|iPhone.Deploy.0 = Release|Any CPU
		{B07A3617-6F12-484D-B8B5-C503D59605CD}.AppStore|iPhoneSimulator.ActiveCfg = Release|Any CPU
		{B07A3617-6F12-484D-B8B5-C503D59605CD}.AppStore|iPhoneSimulator.Build.0 = Release|Any CPU
		{B07A3617-6F12-484D-B8B5-C503D59605CD}.AppStore|iPhoneSimulator.Deploy.0 = Release|Any CPU
		{B07A3617-6F12-484D-B8B5-C503D59605CD}.AppStore|x64.ActiveCfg = Release|Any CPU
		{B07A3617-6F12-484D-B8B5-C503D59605CD}.AppStore|x64.Build.0 = Release|Any CPU
		{B07A3617-6F12-484D-B8B5-C503D59605CD}.AppStore|x64.Deploy.0 = Release|Any CPU
		{B07A3617-6F12-484D-B8B5-C503D59605CD}.AppStore|x86.ActiveCfg = Release|Any CPU
		{B07A3617-6F12-484D-B8B5-C503D59605CD}.AppStore|x86.Build.0 = Release|Any CPU
		{B07A3617-6F12-484D-B8B5-C503D59605CD}.AppStore|x86.Deploy.0 = Release|Any CPU
		{B07A3617-6F12-484D-B8B5-C503D59605CD}.Debug|Any CPU.ActiveCfg = Debug|Any CPU
		{B07A3617-6F12-484D-B8B5-C503D59605CD}.Debug|Any CPU.Build.0 = Debug|Any CPU
		{B07A3617-6F12-484D-B8B5-C503D59605CD}.Debug|Any CPU.Deploy.0 = Debug|Any CPU
		{B07A3617-6F12-484D-B8B5-C503D59605CD}.Debug|ARM.ActiveCfg = Debug|Any CPU
		{B07A3617-6F12-484D-B8B5-C503D59605CD}.Debug|ARM.Build.0 = Debug|Any CPU
		{B07A3617-6F12-484D-B8B5-C503D59605CD}.Debug|ARM.Deploy.0 = Debug|Any CPU
		{B07A3617-6F12-484D-B8B5-C503D59605CD}.Debug|ARM64.ActiveCfg = Debug|Any CPU
		{B07A3617-6F12-484D-B8B5-C503D59605CD}.Debug|ARM64.Build.0 = Debug|Any CPU
		{B07A3617-6F12-484D-B8B5-C503D59605CD}.Debug|ARM64.Deploy.0 = Debug|Any CPU
		{B07A3617-6F12-484D-B8B5-C503D59605CD}.Debug|iPhone.ActiveCfg = Debug|Any CPU
		{B07A3617-6F12-484D-B8B5-C503D59605CD}.Debug|iPhone.Build.0 = Debug|Any CPU
		{B07A3617-6F12-484D-B8B5-C503D59605CD}.Debug|iPhone.Deploy.0 = Debug|Any CPU
		{B07A3617-6F12-484D-B8B5-C503D59605CD}.Debug|iPhoneSimulator.ActiveCfg = Debug|Any CPU
		{B07A3617-6F12-484D-B8B5-C503D59605CD}.Debug|iPhoneSimulator.Build.0 = Debug|Any CPU
		{B07A3617-6F12-484D-B8B5-C503D59605CD}.Debug|iPhoneSimulator.Deploy.0 = Debug|Any CPU
		{B07A3617-6F12-484D-B8B5-C503D59605CD}.Debug|x64.ActiveCfg = Debug|Any CPU
		{B07A3617-6F12-484D-B8B5-C503D59605CD}.Debug|x64.Build.0 = Debug|Any CPU
		{B07A3617-6F12-484D-B8B5-C503D59605CD}.Debug|x64.Deploy.0 = Debug|Any CPU
		{B07A3617-6F12-484D-B8B5-C503D59605CD}.Debug|x86.ActiveCfg = Debug|Any CPU
		{B07A3617-6F12-484D-B8B5-C503D59605CD}.Debug|x86.Build.0 = Debug|Any CPU
		{B07A3617-6F12-484D-B8B5-C503D59605CD}.Debug|x86.Deploy.0 = Debug|Any CPU
		{B07A3617-6F12-484D-B8B5-C503D59605CD}.Release|Any CPU.ActiveCfg = Release|Any CPU
		{B07A3617-6F12-484D-B8B5-C503D59605CD}.Release|Any CPU.Build.0 = Release|Any CPU
		{B07A3617-6F12-484D-B8B5-C503D59605CD}.Release|Any CPU.Deploy.0 = Release|Any CPU
		{B07A3617-6F12-484D-B8B5-C503D59605CD}.Release|ARM.ActiveCfg = Release|Any CPU
		{B07A3617-6F12-484D-B8B5-C503D59605CD}.Release|ARM.Build.0 = Release|Any CPU
		{B07A3617-6F12-484D-B8B5-C503D59605CD}.Release|ARM.Deploy.0 = Release|Any CPU
		{B07A3617-6F12-484D-B8B5-C503D59605CD}.Release|ARM64.ActiveCfg = Release|Any CPU
		{B07A3617-6F12-484D-B8B5-C503D59605CD}.Release|ARM64.Build.0 = Release|Any CPU
		{B07A3617-6F12-484D-B8B5-C503D59605CD}.Release|ARM64.Deploy.0 = Release|Any CPU
		{B07A3617-6F12-484D-B8B5-C503D59605CD}.Release|iPhone.ActiveCfg = Release|Any CPU
		{B07A3617-6F12-484D-B8B5-C503D59605CD}.Release|iPhone.Build.0 = Release|Any CPU
		{B07A3617-6F12-484D-B8B5-C503D59605CD}.Release|iPhone.Deploy.0 = Release|Any CPU
		{B07A3617-6F12-484D-B8B5-C503D59605CD}.Release|iPhoneSimulator.ActiveCfg = Release|Any CPU
		{B07A3617-6F12-484D-B8B5-C503D59605CD}.Release|iPhoneSimulator.Build.0 = Release|Any CPU
		{B07A3617-6F12-484D-B8B5-C503D59605CD}.Release|iPhoneSimulator.Deploy.0 = Release|Any CPU
		{B07A3617-6F12-484D-B8B5-C503D59605CD}.Release|x64.ActiveCfg = Release|Any CPU
		{B07A3617-6F12-484D-B8B5-C503D59605CD}.Release|x64.Build.0 = Release|Any CPU
		{B07A3617-6F12-484D-B8B5-C503D59605CD}.Release|x64.Deploy.0 = Release|Any CPU
		{B07A3617-6F12-484D-B8B5-C503D59605CD}.Release|x86.ActiveCfg = Release|Any CPU
		{B07A3617-6F12-484D-B8B5-C503D59605CD}.Release|x86.Build.0 = Release|Any CPU
		{B07A3617-6F12-484D-B8B5-C503D59605CD}.Release|x86.Deploy.0 = Release|Any CPU
		{89413489-61CC-405F-B30F-3E603FCC9B12}.Ad-Hoc|Any CPU.ActiveCfg = Ad-Hoc|iPhone
		{89413489-61CC-405F-B30F-3E603FCC9B12}.Ad-Hoc|ARM.ActiveCfg = Ad-Hoc|iPhone
		{89413489-61CC-405F-B30F-3E603FCC9B12}.Ad-Hoc|ARM64.ActiveCfg = Ad-Hoc|iPhone
		{89413489-61CC-405F-B30F-3E603FCC9B12}.Ad-Hoc|iPhone.ActiveCfg = Ad-Hoc|iPhone
		{89413489-61CC-405F-B30F-3E603FCC9B12}.Ad-Hoc|iPhone.Build.0 = Ad-Hoc|iPhone
		{89413489-61CC-405F-B30F-3E603FCC9B12}.Ad-Hoc|iPhoneSimulator.ActiveCfg = Ad-Hoc|iPhoneSimulator
		{89413489-61CC-405F-B30F-3E603FCC9B12}.Ad-Hoc|iPhoneSimulator.Build.0 = Ad-Hoc|iPhoneSimulator
		{89413489-61CC-405F-B30F-3E603FCC9B12}.Ad-Hoc|x64.ActiveCfg = Ad-Hoc|iPhone
		{89413489-61CC-405F-B30F-3E603FCC9B12}.Ad-Hoc|x86.ActiveCfg = Ad-Hoc|iPhone
		{89413489-61CC-405F-B30F-3E603FCC9B12}.AppStore|Any CPU.ActiveCfg = AppStore|iPhone
		{89413489-61CC-405F-B30F-3E603FCC9B12}.AppStore|ARM.ActiveCfg = AppStore|iPhone
		{89413489-61CC-405F-B30F-3E603FCC9B12}.AppStore|ARM64.ActiveCfg = AppStore|iPhone
		{89413489-61CC-405F-B30F-3E603FCC9B12}.AppStore|iPhone.ActiveCfg = AppStore|iPhone
		{89413489-61CC-405F-B30F-3E603FCC9B12}.AppStore|iPhone.Build.0 = AppStore|iPhone
		{89413489-61CC-405F-B30F-3E603FCC9B12}.AppStore|iPhoneSimulator.ActiveCfg = AppStore|iPhoneSimulator
		{89413489-61CC-405F-B30F-3E603FCC9B12}.AppStore|iPhoneSimulator.Build.0 = AppStore|iPhoneSimulator
		{89413489-61CC-405F-B30F-3E603FCC9B12}.AppStore|x64.ActiveCfg = AppStore|iPhone
		{89413489-61CC-405F-B30F-3E603FCC9B12}.AppStore|x86.ActiveCfg = AppStore|iPhone
		{89413489-61CC-405F-B30F-3E603FCC9B12}.Debug|Any CPU.ActiveCfg = Debug|iPhone
		{89413489-61CC-405F-B30F-3E603FCC9B12}.Debug|ARM.ActiveCfg = Debug|iPhone
		{89413489-61CC-405F-B30F-3E603FCC9B12}.Debug|ARM64.ActiveCfg = Debug|iPhone
		{89413489-61CC-405F-B30F-3E603FCC9B12}.Debug|iPhone.ActiveCfg = Debug|iPhone
		{89413489-61CC-405F-B30F-3E603FCC9B12}.Debug|iPhone.Build.0 = Debug|iPhone
		{89413489-61CC-405F-B30F-3E603FCC9B12}.Debug|iPhoneSimulator.ActiveCfg = Debug|iPhoneSimulator
		{89413489-61CC-405F-B30F-3E603FCC9B12}.Debug|iPhoneSimulator.Build.0 = Debug|iPhoneSimulator
		{89413489-61CC-405F-B30F-3E603FCC9B12}.Debug|x64.ActiveCfg = Debug|iPhone
		{89413489-61CC-405F-B30F-3E603FCC9B12}.Debug|x86.ActiveCfg = Debug|iPhone
		{89413489-61CC-405F-B30F-3E603FCC9B12}.Release|Any CPU.ActiveCfg = Release|iPhone
		{89413489-61CC-405F-B30F-3E603FCC9B12}.Release|ARM.ActiveCfg = Release|iPhone
		{89413489-61CC-405F-B30F-3E603FCC9B12}.Release|ARM64.ActiveCfg = Release|iPhone
		{89413489-61CC-405F-B30F-3E603FCC9B12}.Release|iPhone.ActiveCfg = Release|iPhone
		{89413489-61CC-405F-B30F-3E603FCC9B12}.Release|iPhone.Build.0 = Release|iPhone
		{89413489-61CC-405F-B30F-3E603FCC9B12}.Release|iPhoneSimulator.ActiveCfg = Release|iPhoneSimulator
		{89413489-61CC-405F-B30F-3E603FCC9B12}.Release|iPhoneSimulator.Build.0 = Release|iPhoneSimulator
		{89413489-61CC-405F-B30F-3E603FCC9B12}.Release|x64.ActiveCfg = Release|iPhone
		{89413489-61CC-405F-B30F-3E603FCC9B12}.Release|x86.ActiveCfg = Release|iPhone
		{6B6A3E7C-C606-4BF0-B1BA-6B1320884AE8}.Ad-Hoc|Any CPU.ActiveCfg = Release|x64
		{6B6A3E7C-C606-4BF0-B1BA-6B1320884AE8}.Ad-Hoc|Any CPU.Build.0 = Release|x64
		{6B6A3E7C-C606-4BF0-B1BA-6B1320884AE8}.Ad-Hoc|Any CPU.Deploy.0 = Release|x64
		{6B6A3E7C-C606-4BF0-B1BA-6B1320884AE8}.Ad-Hoc|ARM.ActiveCfg = Release|ARM
		{6B6A3E7C-C606-4BF0-B1BA-6B1320884AE8}.Ad-Hoc|ARM.Build.0 = Release|ARM
		{6B6A3E7C-C606-4BF0-B1BA-6B1320884AE8}.Ad-Hoc|ARM.Deploy.0 = Release|ARM
		{6B6A3E7C-C606-4BF0-B1BA-6B1320884AE8}.Ad-Hoc|ARM64.ActiveCfg = Release|ARM64
		{6B6A3E7C-C606-4BF0-B1BA-6B1320884AE8}.Ad-Hoc|ARM64.Build.0 = Release|ARM64
		{6B6A3E7C-C606-4BF0-B1BA-6B1320884AE8}.Ad-Hoc|ARM64.Deploy.0 = Release|ARM64
		{6B6A3E7C-C606-4BF0-B1BA-6B1320884AE8}.Ad-Hoc|iPhone.ActiveCfg = Release|x64
		{6B6A3E7C-C606-4BF0-B1BA-6B1320884AE8}.Ad-Hoc|iPhone.Build.0 = Release|x64
		{6B6A3E7C-C606-4BF0-B1BA-6B1320884AE8}.Ad-Hoc|iPhone.Deploy.0 = Release|x64
		{6B6A3E7C-C606-4BF0-B1BA-6B1320884AE8}.Ad-Hoc|iPhoneSimulator.ActiveCfg = Release|x64
		{6B6A3E7C-C606-4BF0-B1BA-6B1320884AE8}.Ad-Hoc|iPhoneSimulator.Build.0 = Release|x64
		{6B6A3E7C-C606-4BF0-B1BA-6B1320884AE8}.Ad-Hoc|iPhoneSimulator.Deploy.0 = Release|x64
		{6B6A3E7C-C606-4BF0-B1BA-6B1320884AE8}.Ad-Hoc|x64.ActiveCfg = Release|x64
		{6B6A3E7C-C606-4BF0-B1BA-6B1320884AE8}.Ad-Hoc|x64.Build.0 = Release|x64
		{6B6A3E7C-C606-4BF0-B1BA-6B1320884AE8}.Ad-Hoc|x64.Deploy.0 = Release|x64
		{6B6A3E7C-C606-4BF0-B1BA-6B1320884AE8}.Ad-Hoc|x86.ActiveCfg = Release|x86
		{6B6A3E7C-C606-4BF0-B1BA-6B1320884AE8}.Ad-Hoc|x86.Build.0 = Release|x86
		{6B6A3E7C-C606-4BF0-B1BA-6B1320884AE8}.Ad-Hoc|x86.Deploy.0 = Release|x86
		{6B6A3E7C-C606-4BF0-B1BA-6B1320884AE8}.AppStore|Any CPU.ActiveCfg = Release|x64
		{6B6A3E7C-C606-4BF0-B1BA-6B1320884AE8}.AppStore|Any CPU.Build.0 = Release|x64
		{6B6A3E7C-C606-4BF0-B1BA-6B1320884AE8}.AppStore|Any CPU.Deploy.0 = Release|x64
		{6B6A3E7C-C606-4BF0-B1BA-6B1320884AE8}.AppStore|ARM.ActiveCfg = Release|ARM
		{6B6A3E7C-C606-4BF0-B1BA-6B1320884AE8}.AppStore|ARM.Build.0 = Release|ARM
		{6B6A3E7C-C606-4BF0-B1BA-6B1320884AE8}.AppStore|ARM.Deploy.0 = Release|ARM
		{6B6A3E7C-C606-4BF0-B1BA-6B1320884AE8}.AppStore|ARM64.ActiveCfg = Release|ARM64
		{6B6A3E7C-C606-4BF0-B1BA-6B1320884AE8}.AppStore|ARM64.Build.0 = Release|ARM64
		{6B6A3E7C-C606-4BF0-B1BA-6B1320884AE8}.AppStore|ARM64.Deploy.0 = Release|ARM64
		{6B6A3E7C-C606-4BF0-B1BA-6B1320884AE8}.AppStore|iPhone.ActiveCfg = Release|x64
		{6B6A3E7C-C606-4BF0-B1BA-6B1320884AE8}.AppStore|iPhone.Build.0 = Release|x64
		{6B6A3E7C-C606-4BF0-B1BA-6B1320884AE8}.AppStore|iPhone.Deploy.0 = Release|x64
		{6B6A3E7C-C606-4BF0-B1BA-6B1320884AE8}.AppStore|iPhoneSimulator.ActiveCfg = Release|x64
		{6B6A3E7C-C606-4BF0-B1BA-6B1320884AE8}.AppStore|iPhoneSimulator.Build.0 = Release|x64
		{6B6A3E7C-C606-4BF0-B1BA-6B1320884AE8}.AppStore|iPhoneSimulator.Deploy.0 = Release|x64
		{6B6A3E7C-C606-4BF0-B1BA-6B1320884AE8}.AppStore|x64.ActiveCfg = Release|x64
		{6B6A3E7C-C606-4BF0-B1BA-6B1320884AE8}.AppStore|x64.Build.0 = Release|x64
		{6B6A3E7C-C606-4BF0-B1BA-6B1320884AE8}.AppStore|x64.Deploy.0 = Release|x64
		{6B6A3E7C-C606-4BF0-B1BA-6B1320884AE8}.AppStore|x86.ActiveCfg = Release|x86
		{6B6A3E7C-C606-4BF0-B1BA-6B1320884AE8}.AppStore|x86.Build.0 = Release|x86
		{6B6A3E7C-C606-4BF0-B1BA-6B1320884AE8}.AppStore|x86.Deploy.0 = Release|x86
		{6B6A3E7C-C606-4BF0-B1BA-6B1320884AE8}.Debug|Any CPU.ActiveCfg = Debug|x86
		{6B6A3E7C-C606-4BF0-B1BA-6B1320884AE8}.Debug|ARM.ActiveCfg = Debug|ARM
		{6B6A3E7C-C606-4BF0-B1BA-6B1320884AE8}.Debug|ARM.Build.0 = Debug|ARM
		{6B6A3E7C-C606-4BF0-B1BA-6B1320884AE8}.Debug|ARM.Deploy.0 = Debug|ARM
		{6B6A3E7C-C606-4BF0-B1BA-6B1320884AE8}.Debug|ARM64.ActiveCfg = Debug|ARM64
		{6B6A3E7C-C606-4BF0-B1BA-6B1320884AE8}.Debug|ARM64.Build.0 = Debug|ARM64
		{6B6A3E7C-C606-4BF0-B1BA-6B1320884AE8}.Debug|ARM64.Deploy.0 = Debug|ARM64
		{6B6A3E7C-C606-4BF0-B1BA-6B1320884AE8}.Debug|iPhone.ActiveCfg = Debug|x86
		{6B6A3E7C-C606-4BF0-B1BA-6B1320884AE8}.Debug|iPhoneSimulator.ActiveCfg = Debug|x86
		{6B6A3E7C-C606-4BF0-B1BA-6B1320884AE8}.Debug|x64.ActiveCfg = Debug|x64
		{6B6A3E7C-C606-4BF0-B1BA-6B1320884AE8}.Debug|x64.Build.0 = Debug|x64
		{6B6A3E7C-C606-4BF0-B1BA-6B1320884AE8}.Debug|x64.Deploy.0 = Debug|x64
		{6B6A3E7C-C606-4BF0-B1BA-6B1320884AE8}.Debug|x86.ActiveCfg = Debug|x86
		{6B6A3E7C-C606-4BF0-B1BA-6B1320884AE8}.Debug|x86.Build.0 = Debug|x86
		{6B6A3E7C-C606-4BF0-B1BA-6B1320884AE8}.Debug|x86.Deploy.0 = Debug|x86
		{6B6A3E7C-C606-4BF0-B1BA-6B1320884AE8}.Release|Any CPU.ActiveCfg = Release|x86
		{6B6A3E7C-C606-4BF0-B1BA-6B1320884AE8}.Release|ARM.ActiveCfg = Release|ARM
		{6B6A3E7C-C606-4BF0-B1BA-6B1320884AE8}.Release|ARM.Build.0 = Release|ARM
		{6B6A3E7C-C606-4BF0-B1BA-6B1320884AE8}.Release|ARM.Deploy.0 = Release|ARM
		{6B6A3E7C-C606-4BF0-B1BA-6B1320884AE8}.Release|ARM64.ActiveCfg = Release|ARM64
		{6B6A3E7C-C606-4BF0-B1BA-6B1320884AE8}.Release|ARM64.Build.0 = Release|ARM64
		{6B6A3E7C-C606-4BF0-B1BA-6B1320884AE8}.Release|ARM64.Deploy.0 = Release|ARM64
		{6B6A3E7C-C606-4BF0-B1BA-6B1320884AE8}.Release|iPhone.ActiveCfg = Release|x86
		{6B6A3E7C-C606-4BF0-B1BA-6B1320884AE8}.Release|iPhoneSimulator.ActiveCfg = Release|x86
		{6B6A3E7C-C606-4BF0-B1BA-6B1320884AE8}.Release|x64.ActiveCfg = Release|x64
		{6B6A3E7C-C606-4BF0-B1BA-6B1320884AE8}.Release|x64.Build.0 = Release|x64
		{6B6A3E7C-C606-4BF0-B1BA-6B1320884AE8}.Release|x64.Deploy.0 = Release|x64
		{6B6A3E7C-C606-4BF0-B1BA-6B1320884AE8}.Release|x86.ActiveCfg = Release|x86
		{6B6A3E7C-C606-4BF0-B1BA-6B1320884AE8}.Release|x86.Build.0 = Release|x86
		{6B6A3E7C-C606-4BF0-B1BA-6B1320884AE8}.Release|x86.Deploy.0 = Release|x86
	EndGlobalSection
	GlobalSection(SolutionProperties) = preSolution
		HideSolutionNode = FALSE
	EndGlobalSection
	GlobalSection(ExtensibilityGlobals) = postSolution
		SolutionGuid = {79757C74-F91A-4703-8C81-4DB00A483631}
	EndGlobalSection
EndGlobal
